
Microsoft Visual Studio Solution File, Format Version 12.00
# Visual Studio Version 17
VisualStudioVersion = 17.7.34031.279
MinimumVisualStudioVersion = 10.0.40219.1
Project("{FAE04EC0-301F-11D3-BF4B-00C04F79EFBC}") = "MenuBar", "MenuBar\MenuBar.csproj", "{6BBE2B2C-D51A-4EFB-AD1C-0D0489E7AAB8}"
EndProject
Global
	GlobalSection(SolutionConfigurationPlatforms) = preSolution
		Debug|Any CPU = Debug|Any CPU
		Release|Any CPU = Release|Any CPU
	EndGlobalSection
	GlobalSection(ProjectConfigurationPlatforms) = postSolution
		{6BBE2B2C-D51A-4EFB-AD1C-0D0489E7AAB8}.Debug|Any CPU.ActiveCfg = Debug|Any CPU
		{6BBE2B2C-D51A-4EFB-AD1C-0D0489E7AAB8}.Debug|Any CPU.Build.0 = Debug|Any CPU
		{6BBE2B2C-D51A-4EFB-AD1C-0D0489E7AAB8}.Release|Any CPU.ActiveCfg = Release|Any CPU
		{6BBE2B2C-D51A-4EFB-AD1C-0D0489E7AAB8}.Release|Any CPU.Build.0 = Release|Any CPU
	EndGlobalSection
	GlobalSection(SolutionProperties) = preSolution
		HideSolutionNode = FALSE
	EndGlobalSection
	GlobalSection(ExtensibilityGlobals) = postSolution
		SolutionGuid = {F18CBD6E-16D1-4665-BA25-D89DE7A21B34}
	EndGlobalSection
EndGlobal
